
Microsoft Visual Studio Solution File, Format Version 12.00
# Visual Studio Version 17
VisualStudioVersion = 17.12.35707.178 d17.12
MinimumVisualStudioVersion = 10.0.40219.1
Project("{FAE04EC0-301F-11D3-BF4B-00C04F79EFBC}") = "CovadisLeenAuto.API", "CovadisLeenAuto.API\CovadisLeenAuto.API.csproj", "{87F88B91-248C-4F31-84F6-58EF1B73BFE0}"
EndProject
Project("{FAE04EC0-301F-11D3-BF4B-00C04F79EFBC}") = "CovadisLeenAuto.Application", "CovadisLeenAuto.Application\CovadisLeenAuto.Application.csproj", "{AC72E6E2-918E-408E-A4C7-BED034F2C44C}"
EndProject
Project("{FAE04EC0-301F-11D3-BF4B-00C04F79EFBC}") = "CovadisLeenAuto.Domain", "CovadisLeenAuto.Domain\CovadisLeenAuto.Domain.csproj", "{DE6658B5-2028-49AF-8DB4-B17AFD425B2D}"
EndProject
Global
	GlobalSection(SolutionConfigurationPlatforms) = preSolution
		Debug|Any CPU = Debug|Any CPU
		Release|Any CPU = Release|Any CPU
	EndGlobalSection
	GlobalSection(ProjectConfigurationPlatforms) = postSolution
		{87F88B91-248C-4F31-84F6-58EF1B73BFE0}.Debug|Any CPU.ActiveCfg = Debug|Any CPU
		{87F88B91-248C-4F31-84F6-58EF1B73BFE0}.Debug|Any CPU.Build.0 = Debug|Any CPU
		{87F88B91-248C-4F31-84F6-58EF1B73BFE0}.Release|Any CPU.ActiveCfg = Release|Any CPU
		{87F88B91-248C-4F31-84F6-58EF1B73BFE0}.Release|Any CPU.Build.0 = Release|Any CPU
		{AC72E6E2-918E-408E-A4C7-BED034F2C44C}.Debug|Any CPU.ActiveCfg = Debug|Any CPU
		{AC72E6E2-918E-408E-A4C7-BED034F2C44C}.Debug|Any CPU.Build.0 = Debug|Any CPU
		{AC72E6E2-918E-408E-A4C7-BED034F2C44C}.Release|Any CPU.ActiveCfg = Release|Any CPU
		{AC72E6E2-918E-408E-A4C7-BED034F2C44C}.Release|Any CPU.Build.0 = Release|Any CPU
		{DE6658B5-2028-49AF-8DB4-B17AFD425B2D}.Debug|Any CPU.ActiveCfg = Debug|Any CPU
		{DE6658B5-2028-49AF-8DB4-B17AFD425B2D}.Debug|Any CPU.Build.0 = Debug|Any CPU
		{DE6658B5-2028-49AF-8DB4-B17AFD425B2D}.Release|Any CPU.ActiveCfg = Release|Any CPU
		{DE6658B5-2028-49AF-8DB4-B17AFD425B2D}.Release|Any CPU.Build.0 = Release|Any CPU
	EndGlobalSection
	GlobalSection(SolutionProperties) = preSolution
		HideSolutionNode = FALSE
	EndGlobalSection
EndGlobal
